// !$*UTF8*$!
{
	archiveVersion = 1;
	classes = {
	};
	objectVersion = 77;
	objects = {

/* Begin PBXBuildFile section */
		8CABDDDB2D99B01E009E5563 /* WidgetKit.framework in Frameworks */ = {isa = PBXBuildFile; fileRef = 8CABDDDA2D99B01E009E5563 /* WidgetKit.framework */; };
		8CABDDDD2D99B01E009E5563 /* SwiftUI.framework in Frameworks */ = {isa = PBXBuildFile; fileRef = 8CABDDDC2D99B01E009E5563 /* SwiftUI.framework */; };
		8CABDDEA2D99B020009E5563 /* BabyActivityWidgetExtension.appex in Embed Foundation Extensions */ = {isa = PBXBuildFile; fileRef = 8CABDDD82D99B01E009E5563 /* BabyActivityWidgetExtension.appex */; settings = {ATTRIBUTES = (RemoveHeadersOnCopy, ); }; };
		8CAD15112D8EF5D600431AB3 /* ComposableArchitecture in Frameworks */ = {isa = PBXBuildFile; productRef = 8CAD15102D8EF5D600431AB3 /* ComposableArchitecture */; };
		8CAD1BE42D8F07BB00431AB3 /* Alamofire in Frameworks */ = {isa = PBXBuildFile; productRef = 8CAD1BE32D8F07BB00431AB3 /* Alamofire */; };
/* End PBXBuildFile section */

/* Begin PBXContainerItemProxy section */
		8CABDDE82D99B020009E5563 /* PBXContainerItemProxy */ = {
			isa = PBXContainerItemProxy;
			containerPortal = 8CAD14F62D8EF52000431AB3 /* Project object */;
			proxyType = 1;
			remoteGlobalIDString = 8CABDDD72D99B01E009E5563;
			remoteInfo = BabyActivityWidgetExtension;
		};
/* End PBXContainerItemProxy section */

/* Begin PBXCopyFilesBuildPhase section */
		8CABDDEB2D99B020009E5563 /* Embed Foundation Extensions */ = {
			isa = PBXCopyFilesBuildPhase;
			buildActionMask = 2147483647;
			dstPath = "";
			dstSubfolderSpec = 13;
			files = (
				8CABDDEA2D99B020009E5563 /* BabyActivityWidgetExtension.appex in Embed Foundation Extensions */,
			);
			name = "Embed Foundation Extensions";
			runOnlyForDeploymentPostprocessing = 0;
		};
/* End PBXCopyFilesBuildPhase section */

/* Begin PBXFileReference section */
		8CABDDD82D99B01E009E5563 /* BabyActivityWidgetExtension.appex */ = {isa = PBXFileReference; explicitFileType = "wrapper.app-extension"; includeInIndex = 0; path = BabyActivityWidgetExtension.appex; sourceTree = BUILT_PRODUCTS_DIR; };
		8CABDDDA2D99B01E009E5563 /* WidgetKit.framework */ = {isa = PBXFileReference; lastKnownFileType = wrapper.framework; name = WidgetKit.framework; path = System/Library/Frameworks/WidgetKit.framework; sourceTree = SDKROOT; };
		8CABDDDC2D99B01E009E5563 /* SwiftUI.framework */ = {isa = PBXFileReference; lastKnownFileType = wrapper.framework; name = SwiftUI.framework; path = System/Library/Frameworks/SwiftUI.framework; sourceTree = SDKROOT; };
		8CAD14FE2D8EF52000431AB3 /* melisa-daybook.app */ = {isa = PBXFileReference; explicitFileType = wrapper.application; includeInIndex = 0; path = "melisa-daybook.app"; sourceTree = BUILT_PRODUCTS_DIR; };
/* End PBXFileReference section */

/* Begin PBXFileSystemSynchronizedBuildFileExceptionSet section */
		8CABDDEF2D99B020009E5563 /* Exceptions for "BabyActivityWidget" folder in "BabyActivityWidgetExtension" target */ = {
			isa = PBXFileSystemSynchronizedBuildFileExceptionSet;
			membershipExceptions = (
				Info.plist,
			);
			target = 8CABDDD72D99B01E009E5563 /* BabyActivityWidgetExtension */;
		};
		8CABE1E82D99B43D009E5563 /* Exceptions for "melisa-daybook" folder in "BabyActivityWidgetExtension" target */ = {
			isa = PBXFileSystemSynchronizedBuildFileExceptionSet;
			membershipExceptions = (
				Clients/LiveActivity/BabyActivityAttributes.swift,
			);
			target = 8CABDDD72D99B01E009E5563 /* BabyActivityWidgetExtension */;
		};
		8CAD1BE62D8F157900431AB3 /* Exceptions for "melisa-daybook" folder in "melisa-daybook" target */ = {
			isa = PBXFileSystemSynchronizedBuildFileExceptionSet;
			membershipExceptions = (
				Info.plist,
			);
			target = 8CAD14FD2D8EF52000431AB3 /* melisa-daybook */;
		};
/* End PBXFileSystemSynchronizedBuildFileExceptionSet section */

/* Begin PBXFileSystemSynchronizedRootGroup section */
		8CABDDDE2D99B01E009E5563 /* BabyActivityWidget */ = {
			isa = PBXFileSystemSynchronizedRootGroup;
			exceptions = (
				8CABDDEF2D99B020009E5563 /* Exceptions for "BabyActivityWidget" folder in "BabyActivityWidgetExtension" target */,
			);
			path = BabyActivityWidget;
			sourceTree = "<group>";
		};
		8CAD15002D8EF52000431AB3 /* melisa-daybook */ = {
			isa = PBXFileSystemSynchronizedRootGroup;
			exceptions = (
				8CAD1BE62D8F157900431AB3 /* Exceptions for "melisa-daybook" folder in "melisa-daybook" target */,
				8CABE1E82D99B43D009E5563 /* Exceptions for "melisa-daybook" folder in "BabyActivityWidgetExtension" target */,
			);
			path = "melisa-daybook";
			sourceTree = "<group>";
		};
/* End PBXFileSystemSynchronizedRootGroup section */

/* Begin PBXFrameworksBuildPhase section */
		8CABDDD52D99B01E009E5563 /* Frameworks */ = {
			isa = PBXFrameworksBuildPhase;
			buildActionMask = 2147483647;
			files = (
				8CABDDDD2D99B01E009E5563 /* SwiftUI.framework in Frameworks */,
				8CABDDDB2D99B01E009E5563 /* WidgetKit.framework in Frameworks */,
			);
			runOnlyForDeploymentPostprocessing = 0;
		};
		8CAD14FB2D8EF52000431AB3 /* Frameworks */ = {
			isa = PBXFrameworksBuildPhase;
			buildActionMask = 2147483647;
			files = (
				8CAD15112D8EF5D600431AB3 /* ComposableArchitecture in Frameworks */,
				8CAD1BE42D8F07BB00431AB3 /* Alamofire in Frameworks */,
			);
			runOnlyForDeploymentPostprocessing = 0;
		};
/* End PBXFrameworksBuildPhase section */

/* Begin PBXGroup section */
		8CABDDD92D99B01E009E5563 /* Frameworks */ = {
			isa = PBXGroup;
			children = (
				8CABDDDA2D99B01E009E5563 /* WidgetKit.framework */,
				8CABDDDC2D99B01E009E5563 /* SwiftUI.framework */,
			);
			name = Frameworks;
			sourceTree = "<group>";
		};
		8CAD14F52D8EF52000431AB3 = {
			isa = PBXGroup;
			children = (
				8CAD15002D8EF52000431AB3 /* melisa-daybook */,
				8CABDDDE2D99B01E009E5563 /* BabyActivityWidget */,
				8CABDDD92D99B01E009E5563 /* Frameworks */,
				8CAD14FF2D8EF52000431AB3 /* Products */,
			);
			sourceTree = "<group>";
		};
		8CAD14FF2D8EF52000431AB3 /* Products */ = {
			isa = PBXGroup;
			children = (
				8CAD14FE2D8EF52000431AB3 /* melisa-daybook.app */,
				8CABDDD82D99B01E009E5563 /* BabyActivityWidgetExtension.appex */,
			);
			name = Products;
			sourceTree = "<group>";
		};
/* End PBXGroup section */

/* Begin PBXNativeTarget section */
		8CABDDD72D99B01E009E5563 /* BabyActivityWidgetExtension */ = {
			isa = PBXNativeTarget;
			buildConfigurationList = 8CABDDEE2D99B020009E5563 /* Build configuration list for PBXNativeTarget "BabyActivityWidgetExtension" */;
			buildPhases = (
				8CABDDD42D99B01E009E5563 /* Sources */,
				8CABDDD52D99B01E009E5563 /* Frameworks */,
				8CABDDD62D99B01E009E5563 /* Resources */,
			);
			buildRules = (
			);
			dependencies = (
			);
			fileSystemSynchronizedGroups = (
				8CABDDDE2D99B01E009E5563 /* BabyActivityWidget */,
			);
			name = BabyActivityWidgetExtension;
			packageProductDependencies = (
			);
			productName = BabyActivityWidgetExtension;
			productReference = 8CABDDD82D99B01E009E5563 /* BabyActivityWidgetExtension.appex */;
			productType = "com.apple.product-type.app-extension";
		};
		8CAD14FD2D8EF52000431AB3 /* melisa-daybook */ = {
			isa = PBXNativeTarget;
			buildConfigurationList = 8CAD150C2D8EF52200431AB3 /* Build configuration list for PBXNativeTarget "melisa-daybook" */;
			buildPhases = (
				8CAD14FA2D8EF52000431AB3 /* Sources */,
				8CAD14FB2D8EF52000431AB3 /* Frameworks */,
				8CAD14FC2D8EF52000431AB3 /* Resources */,
				8CABDDEB2D99B020009E5563 /* Embed Foundation Extensions */,
			);
			buildRules = (
			);
			dependencies = (
				8CABDDE92D99B020009E5563 /* PBXTargetDependency */,
			);
			fileSystemSynchronizedGroups = (
				8CAD15002D8EF52000431AB3 /* melisa-daybook */,
			);
			name = "melisa-daybook";
			packageProductDependencies = (
				8CAD15102D8EF5D600431AB3 /* ComposableArchitecture */,
				8CAD1BE32D8F07BB00431AB3 /* Alamofire */,
			);
			productName = "melisa-daybook";
			productReference = 8CAD14FE2D8EF52000431AB3 /* melisa-daybook.app */;
			productType = "com.apple.product-type.application";
		};
/* End PBXNativeTarget section */

/* Begin PBXProject section */
		8CAD14F62D8EF52000431AB3 /* Project object */ = {
			isa = PBXProject;
			attributes = {
				BuildIndependentTargetsInParallel = 1;
				LastSwiftUpdateCheck = 1620;
				LastUpgradeCheck = 1620;
				TargetAttributes = {
					8CABDDD72D99B01E009E5563 = {
						CreatedOnToolsVersion = 16.2;
					};
					8CAD14FD2D8EF52000431AB3 = {
						CreatedOnToolsVersion = 16.2;
					};
				};
			};
			buildConfigurationList = 8CAD14F92D8EF52000431AB3 /* Build configuration list for PBXProject "melisa-daybook" */;
			developmentRegion = en;
			hasScannedForEncodings = 0;
			knownRegions = (
				en,
				Base,
			);
			mainGroup = 8CAD14F52D8EF52000431AB3;
			minimizedProjectReferenceProxies = 1;
			packageReferences = (
				8CAD150F2D8EF5D600431AB3 /* XCRemoteSwiftPackageReference "swift-composable-architecture" */,
				8CAD1BE22D8F07BB00431AB3 /* XCRemoteSwiftPackageReference "Alamofire" */,
			);
			preferredProjectObjectVersion = 77;
			productRefGroup = 8CAD14FF2D8EF52000431AB3 /* Products */;
			projectDirPath = "";
			projectRoot = "";
			targets = (
				8CAD14FD2D8EF52000431AB3 /* melisa-daybook */,
				8CABDDD72D99B01E009E5563 /* BabyActivityWidgetExtension */,
			);
		};
/* End PBXProject section */

/* Begin PBXResourcesBuildPhase section */
		8CABDDD62D99B01E009E5563 /* Resources */ = {
			isa = PBXResourcesBuildPhase;
			buildActionMask = 2147483647;
			files = (
			);
			runOnlyForDeploymentPostprocessing = 0;
		};
		8CAD14FC2D8EF52000431AB3 /* Resources */ = {
			isa = PBXResourcesBuildPhase;
			buildActionMask = 2147483647;
			files = (
			);
			runOnlyForDeploymentPostprocessing = 0;
		};
/* End PBXResourcesBuildPhase section */

/* Begin PBXSourcesBuildPhase section */
		8CABDDD42D99B01E009E5563 /* Sources */ = {
			isa = PBXSourcesBuildPhase;
			buildActionMask = 2147483647;
			files = (
			);
			runOnlyForDeploymentPostprocessing = 0;
		};
		8CAD14FA2D8EF52000431AB3 /* Sources */ = {
			isa = PBXSourcesBuildPhase;
			buildActionMask = 2147483647;
			files = (
			);
			runOnlyForDeploymentPostprocessing = 0;
		};
/* End PBXSourcesBuildPhase section */

/* Begin PBXTargetDependency section */
		8CABDDE92D99B020009E5563 /* PBXTargetDependency */ = {
			isa = PBXTargetDependency;
			target = 8CABDDD72D99B01E009E5563 /* BabyActivityWidgetExtension */;
			targetProxy = 8CABDDE82D99B020009E5563 /* PBXContainerItemProxy */;
		};
/* End PBXTargetDependency section */

/* Begin XCBuildConfiguration section */
		8CABDDEC2D99B020009E5563 /* Debug */ = {
			isa = XCBuildConfiguration;
			buildSettings = {
				ASSETCATALOG_COMPILER_GLOBAL_ACCENT_COLOR_NAME = AccentColor;
				ASSETCATALOG_COMPILER_WIDGET_BACKGROUND_COLOR_NAME = WidgetBackground;
				CODE_SIGN_STYLE = Automatic;
				CURRENT_PROJECT_VERSION = 1;
				DEVELOPMENT_TEAM = J4BH25WEZ3;
				GENERATE_INFOPLIST_FILE = YES;
				INFOPLIST_FILE = BabyActivityWidget/Info.plist;
				INFOPLIST_KEY_CFBundleDisplayName = BabyActivityWidget;
				INFOPLIST_KEY_NSHumanReadableCopyright = "";
				LD_RUNPATH_SEARCH_PATHS = (
					"$(inherited)",
					"@executable_path/Frameworks",
					"@executable_path/../../Frameworks",
				);
				MARKETING_VERSION = 1.0;
				PRODUCT_BUNDLE_IDENTIFIER = com.melisa.daybook.app.BabyActivityWidget;
				PRODUCT_NAME = "$(TARGET_NAME)";
				SKIP_INSTALL = YES;
				SWIFT_EMIT_LOC_STRINGS = YES;
				SWIFT_VERSION = 5.0;
				TARGETED_DEVICE_FAMILY = "1,2";
			};
			name = Debug;
		};
		8CABDDED2D99B020009E5563 /* Release */ = {
			isa = XCBuildConfiguration;
			buildSettings = {
				ASSETCATALOG_COMPILER_GLOBAL_ACCENT_COLOR_NAME = AccentColor;
				ASSETCATALOG_COMPILER_WIDGET_BACKGROUND_COLOR_NAME = WidgetBackground;
				CODE_SIGN_STYLE = Automatic;
				CURRENT_PROJECT_VERSION = 1;
				DEVELOPMENT_TEAM = J4BH25WEZ3;
				GENERATE_INFOPLIST_FILE = YES;
				INFOPLIST_FILE = BabyActivityWidget/Info.plist;
				INFOPLIST_KEY_CFBundleDisplayName = BabyActivityWidget;
				INFOPLIST_KEY_NSHumanReadableCopyright = "";
				LD_RUNPATH_SEARCH_PATHS = (
					"$(inherited)",
					"@executable_path/Frameworks",
					"@executable_path/../../Frameworks",
				);
				MARKETING_VERSION = 1.0;
				PRODUCT_BUNDLE_IDENTIFIER = com.melisa.daybook.app.BabyActivityWidget;
				PRODUCT_NAME = "$(TARGET_NAME)";
				SKIP_INSTALL = YES;
				SWIFT_EMIT_LOC_STRINGS = YES;
				SWIFT_VERSION = 5.0;
				TARGETED_DEVICE_FAMILY = "1,2";
			};
			name = Release;
		};
		8CAD150A2D8EF52200431AB3 /* Debug */ = {
			isa = XCBuildConfiguration;
			buildSettings = {
				ALWAYS_SEARCH_USER_PATHS = NO;
				ASSETCATALOG_COMPILER_GENERATE_SWIFT_ASSET_SYMBOL_EXTENSIONS = YES;
				CLANG_ANALYZER_NONNULL = YES;
				CLANG_ANALYZER_NUMBER_OBJECT_CONVERSION = YES_AGGRESSIVE;
				CLANG_CXX_LANGUAGE_STANDARD = "gnu++20";
				CLANG_ENABLE_MODULES = YES;
				CLANG_ENABLE_OBJC_ARC = YES;
				CLANG_ENABLE_OBJC_WEAK = YES;
				CLANG_WARN_BLOCK_CAPTURE_AUTORELEASING = YES;
				CLANG_WARN_BOOL_CONVERSION = YES;
				CLANG_WARN_COMMA = YES;
				CLANG_WARN_CONSTANT_CONVERSION = YES;
				CLANG_WARN_DEPRECATED_OBJC_IMPLEMENTATIONS = YES;
				CLANG_WARN_DIRECT_OBJC_ISA_USAGE = YES_ERROR;
				CLANG_WARN_DOCUMENTATION_COMMENTS = YES;
				CLANG_WARN_EMPTY_BODY = YES;
				CLANG_WARN_ENUM_CONVERSION = YES;
				CLANG_WARN_INFINITE_RECURSION = YES;
				CLANG_WARN_INT_CONVERSION = YES;
				CLANG_WARN_NON_LITERAL_NULL_CONVERSION = YES;
				CLANG_WARN_OBJC_IMPLICIT_RETAIN_SELF = YES;
				CLANG_WARN_OBJC_LITERAL_CONVERSION = YES;
				CLANG_WARN_OBJC_ROOT_CLASS = YES_ERROR;
				CLANG_WARN_QUOTED_INCLUDE_IN_FRAMEWORK_HEADER = YES;
				CLANG_WARN_RANGE_LOOP_ANALYSIS = YES;
				CLANG_WARN_STRICT_PROTOTYPES = YES;
				CLANG_WARN_SUSPICIOUS_MOVE = YES;
				CLANG_WARN_UNGUARDED_AVAILABILITY = YES_AGGRESSIVE;
				CLANG_WARN_UNREACHABLE_CODE = YES;
				CLANG_WARN__DUPLICATE_METHOD_MATCH = YES;
				COPY_PHASE_STRIP = NO;
				DEBUG_INFORMATION_FORMAT = dwarf;
				ENABLE_STRICT_OBJC_MSGSEND = YES;
				ENABLE_TESTABILITY = YES;
				ENABLE_USER_SCRIPT_SANDBOXING = YES;
				GCC_C_LANGUAGE_STANDARD = gnu17;
				GCC_DYNAMIC_NO_PIC = NO;
				GCC_NO_COMMON_BLOCKS = YES;
				GCC_OPTIMIZATION_LEVEL = 0;
				GCC_PREPROCESSOR_DEFINITIONS = (
					"DEBUG=1",
					"$(inherited)",
				);
				GCC_WARN_64_TO_32_BIT_CONVERSION = YES;
				GCC_WARN_ABOUT_RETURN_TYPE = YES_ERROR;
				GCC_WARN_UNDECLARED_SELECTOR = YES;
				GCC_WARN_UNINITIALIZED_AUTOS = YES_AGGRESSIVE;
				GCC_WARN_UNUSED_FUNCTION = YES;
				GCC_WARN_UNUSED_VARIABLE = YES;
				IPHONEOS_DEPLOYMENT_TARGET = 18.2;
				LOCALIZATION_PREFERS_STRING_CATALOGS = YES;
				MTL_ENABLE_DEBUG_INFO = INCLUDE_SOURCE;
				MTL_FAST_MATH = YES;
				ONLY_ACTIVE_ARCH = YES;
				SDKROOT = iphoneos;
				SWIFT_ACTIVE_COMPILATION_CONDITIONS = "DEBUG $(inherited)";
				SWIFT_OPTIMIZATION_LEVEL = "-Onone";
			};
			name = Debug;
		};
		8CAD150B2D8EF52200431AB3 /* Release */ = {
			isa = XCBuildConfiguration;
			buildSettings = {
				ALWAYS_SEARCH_USER_PATHS = NO;
				ASSETCATALOG_COMPILER_GENERATE_SWIFT_ASSET_SYMBOL_EXTENSIONS = YES;
				CLANG_ANALYZER_NONNULL = YES;
				CLANG_ANALYZER_NUMBER_OBJECT_CONVERSION = YES_AGGRESSIVE;
				CLANG_CXX_LANGUAGE_STANDARD = "gnu++20";
				CLANG_ENABLE_MODULES = YES;
				CLANG_ENABLE_OBJC_ARC = YES;
				CLANG_ENABLE_OBJC_WEAK = YES;
				CLANG_WARN_BLOCK_CAPTURE_AUTORELEASING = YES;
				CLANG_WARN_BOOL_CONVERSION = YES;
				CLANG_WARN_COMMA = YES;
				CLANG_WARN_CONSTANT_CONVERSION = YES;
				CLANG_WARN_DEPRECATED_OBJC_IMPLEMENTATIONS = YES;
				CLANG_WARN_DIRECT_OBJC_ISA_USAGE = YES_ERROR;
				CLANG_WARN_DOCUMENTATION_COMMENTS = YES;
				CLANG_WARN_EMPTY_BODY = YES;
				CLANG_WARN_ENUM_CONVERSION = YES;
				CLANG_WARN_INFINITE_RECURSION = YES;
				CLANG_WARN_INT_CONVERSION = YES;
				CLANG_WARN_NON_LITERAL_NULL_CONVERSION = YES;
				CLANG_WARN_OBJC_IMPLICIT_RETAIN_SELF = YES;
				CLANG_WARN_OBJC_LITERAL_CONVERSION = YES;
				CLANG_WARN_OBJC_ROOT_CLASS = YES_ERROR;
				CLANG_WARN_QUOTED_INCLUDE_IN_FRAMEWORK_HEADER = YES;
				CLANG_WARN_RANGE_LOOP_ANALYSIS = YES;
				CLANG_WARN_STRICT_PROTOTYPES = YES;
				CLANG_WARN_SUSPICIOUS_MOVE = YES;
				CLANG_WARN_UNGUARDED_AVAILABILITY = YES_AGGRESSIVE;
				CLANG_WARN_UNREACHABLE_CODE = YES;
				CLANG_WARN__DUPLICATE_METHOD_MATCH = YES;
				COPY_PHASE_STRIP = NO;
				DEBUG_INFORMATION_FORMAT = "dwarf-with-dsym";
				ENABLE_NS_ASSERTIONS = NO;
				ENABLE_STRICT_OBJC_MSGSEND = YES;
				ENABLE_USER_SCRIPT_SANDBOXING = YES;
				GCC_C_LANGUAGE_STANDARD = gnu17;
				GCC_NO_COMMON_BLOCKS = YES;
				GCC_WARN_64_TO_32_BIT_CONVERSION = YES;
				GCC_WARN_ABOUT_RETURN_TYPE = YES_ERROR;
				GCC_WARN_UNDECLARED_SELECTOR = YES;
				GCC_WARN_UNINITIALIZED_AUTOS = YES_AGGRESSIVE;
				GCC_WARN_UNUSED_FUNCTION = YES;
				GCC_WARN_UNUSED_VARIABLE = YES;
				IPHONEOS_DEPLOYMENT_TARGET = 18.2;
				LOCALIZATION_PREFERS_STRING_CATALOGS = YES;
				MTL_ENABLE_DEBUG_INFO = NO;
				MTL_FAST_MATH = YES;
				SDKROOT = iphoneos;
				SWIFT_COMPILATION_MODE = wholemodule;
				VALIDATE_PRODUCT = YES;
			};
			name = Release;
		};
		8CAD150D2D8EF52200431AB3 /* Debug */ = {
			isa = XCBuildConfiguration;
			buildSettings = {
				ASSETCATALOG_COMPILER_APPICON_NAME = AppIcon;
				ASSETCATALOG_COMPILER_GLOBAL_ACCENT_COLOR_NAME = AccentColor;
				CODE_SIGN_STYLE = Automatic;
				CURRENT_PROJECT_VERSION = 1;
				DEVELOPMENT_ASSET_PATHS = "\"melisa-daybook/Preview Content\"";
				DEVELOPMENT_TEAM = J4BH25WEZ3;
				ENABLE_PREVIEWS = YES;
				GENERATE_INFOPLIST_FILE = YES;
				INFOPLIST_FILE = "melisa-daybook/Info.plist";
				INFOPLIST_KEY_CFBundleDisplayName = "Melisa Daybook";
				INFOPLIST_KEY_NSSupportsLiveActivities = YES;
				INFOPLIST_KEY_UIApplicationSceneManifest_Generation = YES;
				INFOPLIST_KEY_UIApplicationSupportsIndirectInputEvents = YES;
				INFOPLIST_KEY_UILaunchScreen_Generation = YES;
				INFOPLIST_KEY_UISupportedInterfaceOrientations = UIInterfaceOrientationPortrait;
				INFOPLIST_KEY_UISupportedInterfaceOrientations_iPad = "UIInterfaceOrientationLandscapeLeft UIInterfaceOrientationLandscapeRight UIInterfaceOrientationPortrait UIInterfaceOrientationPortraitUpsideDown";
				IPHONEOS_DEPLOYMENT_TARGET = 18.0;
				LD_RUNPATH_SEARCH_PATHS = (
					"$(inherited)",
					"@executable_path/Frameworks",
				);
				MARKETING_VERSION = 1.0;
				PRODUCT_BUNDLE_IDENTIFIER = com.melisa.daybook.app;
				PRODUCT_NAME = "$(TARGET_NAME)";
				SWIFT_EMIT_LOC_STRINGS = YES;
				SWIFT_VERSION = 5.0;
				TARGETED_DEVICE_FAMILY = "1,2";
			};
			name = Debug;
		};
		8CAD150E2D8EF52200431AB3 /* Release */ = {
			isa = XCBuildConfiguration;
			buildSettings = {
				ASSETCATALOG_COMPILER_APPICON_NAME = AppIcon;
				ASSETCATALOG_COMPILER_GLOBAL_ACCENT_COLOR_NAME = AccentColor;
				CODE_SIGN_STYLE = Automatic;
				CURRENT_PROJECT_VERSION = 1;
				DEVELOPMENT_ASSET_PATHS = "\"melisa-daybook/Preview Content\"";
				DEVELOPMENT_TEAM = J4BH25WEZ3;
				ENABLE_PREVIEWS = YES;
				GENERATE_INFOPLIST_FILE = YES;
				INFOPLIST_FILE = "melisa-daybook/Info.plist";
				INFOPLIST_KEY_CFBundleDisplayName = "Melisa Daybook";
				INFOPLIST_KEY_NSSupportsLiveActivities = YES;
				INFOPLIST_KEY_UIApplicationSceneManifest_Generation = YES;
				INFOPLIST_KEY_UIApplicationSupportsIndirectInputEvents = YES;
				INFOPLIST_KEY_UILaunchScreen_Generation = YES;
				INFOPLIST_KEY_UISupportedInterfaceOrientations = UIInterfaceOrientationPortrait;
				INFOPLIST_KEY_UISupportedInterfaceOrientations_iPad = "UIInterfaceOrientationLandscapeLeft UIInterfaceOrientationLandscapeRight UIInterfaceOrientationPortrait UIInterfaceOrientationPortraitUpsideDown";
				IPHONEOS_DEPLOYMENT_TARGET = 18.0;
				LD_RUNPATH_SEARCH_PATHS = (
					"$(inherited)",
					"@executable_path/Frameworks",
				);
				MARKETING_VERSION = 1.0;
				PRODUCT_BUNDLE_IDENTIFIER = com.melisa.daybook.app;
				PRODUCT_NAME = "$(TARGET_NAME)";
				SWIFT_EMIT_LOC_STRINGS = YES;
				SWIFT_VERSION = 5.0;
				TARGETED_DEVICE_FAMILY = "1,2";
			};
			name = Release;
		};
/* End XCBuildConfiguration section */

/* Begin XCConfigurationList section */
		8CABDDEE2D99B020009E5563 /* Build configuration list for PBXNativeTarget "BabyActivityWidgetExtension" */ = {
			isa = XCConfigurationList;
			buildConfigurations = (
				8CABDDEC2D99B020009E5563 /* Debug */,
				8CABDDED2D99B020009E5563 /* Release */,
			);
			defaultConfigurationIsVisible = 0;
			defaultConfigurationName = Release;
		};
		8CAD14F92D8EF52000431AB3 /* Build configuration list for PBXProject "melisa-daybook" */ = {
			isa = XCConfigurationList;
			buildConfigurations = (
				8CAD150A2D8EF52200431AB3 /* Debug */,
				8CAD150B2D8EF52200431AB3 /* Release */,
			);
			defaultConfigurationIsVisible = 0;
			defaultConfigurationName = Release;
		};
		8CAD150C2D8EF52200431AB3 /* Build configuration list for PBXNativeTarget "melisa-daybook" */ = {
			isa = XCConfigurationList;
			buildConfigurations = (
				8CAD150D2D8EF52200431AB3 /* Debug */,
				8CAD150E2D8EF52200431AB3 /* Release */,
			);
			defaultConfigurationIsVisible = 0;
			defaultConfigurationName = Release;
		};
/* End XCConfigurationList section */

/* Begin XCRemoteSwiftPackageReference section */
		8CAD150F2D8EF5D600431AB3 /* XCRemoteSwiftPackageReference "swift-composable-architecture" */ = {
			isa = XCRemoteSwiftPackageReference;
			repositoryURL = "https://github.com/pointfreeco/swift-composable-architecture";
			requirement = {
				kind = upToNextMajorVersion;
				minimumVersion = 1.18.0;
			};
		};
		8CAD1BE22D8F07BB00431AB3 /* XCRemoteSwiftPackageReference "Alamofire" */ = {
			isa = XCRemoteSwiftPackageReference;
			repositoryURL = "https://github.com/Alamofire/Alamofire.git";
			requirement = {
				kind = upToNextMajorVersion;
				minimumVersion = 5.10.2;
			};
		};
/* End XCRemoteSwiftPackageReference section */

/* Begin XCSwiftPackageProductDependency section */
		8CAD15102D8EF5D600431AB3 /* ComposableArchitecture */ = {
			isa = XCSwiftPackageProductDependency;
			package = 8CAD150F2D8EF5D600431AB3 /* XCRemoteSwiftPackageReference "swift-composable-architecture" */;
			productName = ComposableArchitecture;
		};
		8CAD1BE32D8F07BB00431AB3 /* Alamofire */ = {
			isa = XCSwiftPackageProductDependency;
			package = 8CAD1BE22D8F07BB00431AB3 /* XCRemoteSwiftPackageReference "Alamofire" */;
			productName = Alamofire;
		};
/* End XCSwiftPackageProductDependency section */
	};
	rootObject = 8CAD14F62D8EF52000431AB3 /* Project object */;
}
